
Microsoft Visual Studio Solution File, Format Version 12.00
# Visual Studio Version 16
VisualStudioVersion = 25.0.1703.1
MinimumVisualStudioVersion = 10.0.40219.1
Project("{FAE04EC0-301F-11D3-BF4B-00C04F79EFBC}") = "TestingGrialKitOnANewApp.Android", "TestingGrialKitOnANewApp\TestingGrialKitOnANewApp.Android\TestingGrialKitOnANewApp.Android.csproj", "{5EB45F3D-621F-481F-AD40-1C01798FCF0E}"
EndProject
Project("{FAE04EC0-301F-11D3-BF4B-00C04F79EFBC}") = "TestingGrialKitOnANewApp.iOS", "TestingGrialKitOnANewApp\TestingGrialKitOnANewApp.iOS\TestingGrialKitOnANewApp.iOS.csproj", "{3A6CE58C-C37E-4893-84AB-96FFBC82A129}"
EndProject
Project("{FAE04EC0-301F-11D3-BF4B-00C04F79EFBC}") = "TestingGrialKitOnANewApp", "TestingGrialKitOnANewApp\TestingGrialKitOnANewApp\TestingGrialKitOnANewApp.csproj", "{7BC75B46-6433-4BD5-A1D5-7552AE6ACD1D}"
EndProject
Global
	GlobalSection(SolutionConfigurationPlatforms) = preSolution
		Debug|Any CPU = Debug|Any CPU
		Release|Any CPU = Release|Any CPU
		Debug|iPhoneSimulator = Debug|iPhoneSimulator
		Release|iPhoneSimulator = Release|iPhoneSimulator
		Debug|iPhone = Debug|iPhone
		Release|iPhone = Release|iPhone
	EndGlobalSection
	GlobalSection(ProjectConfigurationPlatforms) = postSolution
		{5EB45F3D-621F-481F-AD40-1C01798FCF0E}.Debug|Any CPU.ActiveCfg = Debug|Any CPU
		{5EB45F3D-621F-481F-AD40-1C01798FCF0E}.Debug|Any CPU.Build.0 = Debug|Any CPU
		{5EB45F3D-621F-481F-AD40-1C01798FCF0E}.Release|Any CPU.ActiveCfg = Release|Any CPU
		{5EB45F3D-621F-481F-AD40-1C01798FCF0E}.Release|Any CPU.Build.0 = Release|Any CPU
		{5EB45F3D-621F-481F-AD40-1C01798FCF0E}.Debug|iPhoneSimulator.ActiveCfg = Debug|Any CPU
		{5EB45F3D-621F-481F-AD40-1C01798FCF0E}.Debug|iPhoneSimulator.Build.0 = Debug|Any CPU
		{5EB45F3D-621F-481F-AD40-1C01798FCF0E}.Release|iPhoneSimulator.ActiveCfg = Release|Any CPU
		{5EB45F3D-621F-481F-AD40-1C01798FCF0E}.Release|iPhoneSimulator.Build.0 = Release|Any CPU
		{5EB45F3D-621F-481F-AD40-1C01798FCF0E}.Debug|iPhone.ActiveCfg = Debug|Any CPU
		{5EB45F3D-621F-481F-AD40-1C01798FCF0E}.Debug|iPhone.Build.0 = Debug|Any CPU
		{5EB45F3D-621F-481F-AD40-1C01798FCF0E}.Release|iPhone.ActiveCfg = Release|Any CPU
		{5EB45F3D-621F-481F-AD40-1C01798FCF0E}.Release|iPhone.Build.0 = Release|Any CPU
		{3A6CE58C-C37E-4893-84AB-96FFBC82A129}.Debug|Any CPU.ActiveCfg = Debug|iPhoneSimulator
		{3A6CE58C-C37E-4893-84AB-96FFBC82A129}.Debug|Any CPU.Build.0 = Debug|iPhoneSimulator
		{3A6CE58C-C37E-4893-84AB-96FFBC82A129}.Release|Any CPU.ActiveCfg = Release|iPhoneSimulator
		{3A6CE58C-C37E-4893-84AB-96FFBC82A129}.Release|Any CPU.Build.0 = Release|iPhoneSimulator
		{3A6CE58C-C37E-4893-84AB-96FFBC82A129}.Debug|iPhoneSimulator.ActiveCfg = Debug|iPhoneSimulator
		{3A6CE58C-C37E-4893-84AB-96FFBC82A129}.Debug|iPhoneSimulator.Build.0 = Debug|iPhoneSimulator
		{3A6CE58C-C37E-4893-84AB-96FFBC82A129}.Release|iPhoneSimulator.ActiveCfg = Release|iPhoneSimulator
		{3A6CE58C-C37E-4893-84AB-96FFBC82A129}.Release|iPhoneSimulator.Build.0 = Release|iPhoneSimulator
		{3A6CE58C-C37E-4893-84AB-96FFBC82A129}.Debug|iPhone.ActiveCfg = Debug|iPhone
		{3A6CE58C-C37E-4893-84AB-96FFBC82A129}.Debug|iPhone.Build.0 = Debug|iPhone
		{3A6CE58C-C37E-4893-84AB-96FFBC82A129}.Release|iPhone.ActiveCfg = Release|iPhone
		{3A6CE58C-C37E-4893-84AB-96FFBC82A129}.Release|iPhone.Build.0 = Release|iPhone
		{7BC75B46-6433-4BD5-A1D5-7552AE6ACD1D}.Debug|Any CPU.ActiveCfg = Debug|Any CPU
		{7BC75B46-6433-4BD5-A1D5-7552AE6ACD1D}.Debug|Any CPU.Build.0 = Debug|Any CPU
		{7BC75B46-6433-4BD5-A1D5-7552AE6ACD1D}.Release|Any CPU.ActiveCfg = Release|Any CPU
		{7BC75B46-6433-4BD5-A1D5-7552AE6ACD1D}.Release|Any CPU.Build.0 = Release|Any CPU
		{7BC75B46-6433-4BD5-A1D5-7552AE6ACD1D}.Debug|iPhoneSimulator.ActiveCfg = Debug|Any CPU
		{7BC75B46-6433-4BD5-A1D5-7552AE6ACD1D}.Debug|iPhoneSimulator.Build.0 = Debug|Any CPU
		{7BC75B46-6433-4BD5-A1D5-7552AE6ACD1D}.Release|iPhoneSimulator.ActiveCfg = Release|Any CPU
		{7BC75B46-6433-4BD5-A1D5-7552AE6ACD1D}.Release|iPhoneSimulator.Build.0 = Release|Any CPU
		{7BC75B46-6433-4BD5-A1D5-7552AE6ACD1D}.Debug|iPhone.ActiveCfg = Debug|Any CPU
		{7BC75B46-6433-4BD5-A1D5-7552AE6ACD1D}.Debug|iPhone.Build.0 = Debug|Any CPU
		{7BC75B46-6433-4BD5-A1D5-7552AE6ACD1D}.Release|iPhone.ActiveCfg = Release|Any CPU
		{7BC75B46-6433-4BD5-A1D5-7552AE6ACD1D}.Release|iPhone.Build.0 = Release|Any CPU
	EndGlobalSection
	GlobalSection(SolutionProperties) = preSolution
		HideSolutionNode = FALSE
	EndGlobalSection
	GlobalSection(ExtensibilityGlobals) = postSolution
		SolutionGuid = {34654BAA-35A0-4D04-92DF-D2519118FD8D}
	EndGlobalSection
EndGlobal
